
Microsoft Visual Studio Solution File, Format Version 12.00
# Visual Studio Version 16
VisualStudioVersion = 16.0.29230.61
MinimumVisualStudioVersion = 10.0.40219.1
Project("{FAE04EC0-301F-11D3-BF4B-00C04F79EFBC}") = "Search16s", "Search16s\Search16s.csproj", "{97301EC6-69E4-4D1C-86A0-C1A4CF1F0D07}"
EndProject
Global
	GlobalSection(SolutionConfigurationPlatforms) = preSolution
		Debug|Any CPU = Debug|Any CPU
		Release|Any CPU = Release|Any CPU
	EndGlobalSection
	GlobalSection(ProjectConfigurationPlatforms) = postSolution
		{97301EC6-69E4-4D1C-86A0-C1A4CF1F0D07}.Debug|Any CPU.ActiveCfg = Debug|Any CPU
		{97301EC6-69E4-4D1C-86A0-C1A4CF1F0D07}.Debug|Any CPU.Build.0 = Debug|Any CPU
		{97301EC6-69E4-4D1C-86A0-C1A4CF1F0D07}.Release|Any CPU.ActiveCfg = Release|Any CPU
		{97301EC6-69E4-4D1C-86A0-C1A4CF1F0D07}.Release|Any CPU.Build.0 = Release|Any CPU
	EndGlobalSection
	GlobalSection(SolutionProperties) = preSolution
		HideSolutionNode = FALSE
	EndGlobalSection
	GlobalSection(ExtensibilityGlobals) = postSolution
		SolutionGuid = {801B0770-3A3D-4ECB-970F-C32B5A2F067D}
	EndGlobalSection
EndGlobal
